
Microsoft Visual Studio Solution File, Format Version 12.00
# Visual Studio Version 17
VisualStudioVersion = 17.8.34511.84
MinimumVisualStudioVersion = 10.0.40219.1
Project("{FAE04EC0-301F-11D3-BF4B-00C04F79EFBC}") = "MidTermProject_SuleSeid", "MidTermProject_SuleSeid\MidTermProject_SuleSeid.csproj", "{104A076F-4168-4B5D-9ED7-A2B38865CF34}"
EndProject
Global
	GlobalSection(SolutionConfigurationPlatforms) = preSolution
		Debug|Any CPU = Debug|Any CPU
		Release|Any CPU = Release|Any CPU
	EndGlobalSection
	GlobalSection(ProjectConfigurationPlatforms) = postSolution
		{104A076F-4168-4B5D-9ED7-A2B38865CF34}.Debug|Any CPU.ActiveCfg = Debug|Any CPU
		{104A076F-4168-4B5D-9ED7-A2B38865CF34}.Debug|Any CPU.Build.0 = Debug|Any CPU
		{104A076F-4168-4B5D-9ED7-A2B38865CF34}.Release|Any CPU.ActiveCfg = Release|Any CPU
		{104A076F-4168-4B5D-9ED7-A2B38865CF34}.Release|Any CPU.Build.0 = Release|Any CPU
	EndGlobalSection
	GlobalSection(SolutionProperties) = preSolution
		HideSolutionNode = FALSE
	EndGlobalSection
	GlobalSection(ExtensibilityGlobals) = postSolution
		SolutionGuid = {233933A9-5B45-46C8-AA34-A411B34719E5}
	EndGlobalSection
EndGlobal
